<Solution>
  <Folder Name="/src/" />
  <Folder Name="/src/BuildingBlocks/" />
  <Folder Name="/src/BuildingBlocks/Common/">
    <Project Path="src/BuildingBlocks/Common/Common.csproj" />
  </Folder>
  <Folder Name="/src/BuildingBlocks/EventBus/">
    <Project Path="src/BuildingBlocks/EventBus/EventBus.csproj" />
  </Folder>
  <Folder Name="/src/Services/" />
  <Folder Name="/src/Services/Basket/">
    <Project Path="src/Services/Basket/Basket.API/Basket.API.csproj" />
    <Project Path="src/Services/Basket/Basket.Application/Basket.Application.csproj" />
    <Project Path="src/Services/Basket/Basket.Domain/Basket.Domain.csproj" />
    <Project Path="src/Services/Basket/Basket.Infrastructure/Basket.Infrastructure.csproj" />
  </Folder>
  <Folder Name="/src/Services/Catalog/">
    <Project Path="src/Services/Catalog/Catalog.API/Catalog.API.csproj" />
    <Project Path="src/Services/Catalog/Catalog.Application/Catalog.Application.csproj" />
    <Project Path="src/Services/Catalog/Catalog.Domain/Catalog.Domain.csproj" />
    <Project Path="src/Services/Catalog/Catalog.Infrastructure/Catalog.Infrastructure.csproj" />
  </Folder>
  <Folder Name="/src/Services/Gateway/">
    <Project Path="src/Gateway/ApiGateway/ApiGateway.csproj" Id="a9f746b9-18a1-4978-8029-c9ed90342177" />
  </Folder>
  <Folder Name="/src/Services/Identity/">
    <Project Path="src/Services/Identity/Identity.API/Identity.API.csproj" />
    <Project Path="src/Services/Identity/Identity.Application/Identity.Application.csproj" />
    <Project Path="src/Services/Identity/Identity.Domain/Identity.Domain.csproj" />
    <Project Path="src/Services/Identity/Identity.Infrastructure/Identity.Infrastructure.csproj" />
  </Folder>
  <Folder Name="/src/Services/Notification/">
    <Project Path="src/Services/Notification/Notification.API/Notification.API.csproj" Id="8808c4ac-042b-4bb3-8382-4d580dd6d8dc" />
  </Folder>
  <Folder Name="/src/Services/Order/">
    <Project Path="src/Services/Order/Order.API/Order.API.csproj" Id="6e25dec8-fd66-4f31-b9b5-b89785e7f77e" />
    <Project Path="src/Services/Order/Order.Application/Order.Application.csproj" Id="f9c5c31f-dd26-4c7f-b0a4-6155bef87865" />
    <Project Path="src/Services/Order/Order.Domain/Order.Domain.csproj" Id="48f5ffbe-8641-4be2-9bfe-ba850ea9bba3" />
    <Project Path="src/Services/Order/Order.Infrastructure/Order.Infrastructure.csproj" Id="c8f61cc9-b720-4d14-8d07-6783a8e88531" />
  </Folder>
  <Folder Name="/src/Services/Payment/">
    <Project Path="src/Services/Payment/Payment.API/Payment.API.csproj" Id="f780efb1-58a8-4ce0-b11a-df7e96e62dc7" />
    <Project Path="src/Services/Payment/Payment.Application/Payment.Application.csproj" Id="4c2fa7c3-7ca3-4a2d-8634-40fd4a722ac0" />
    <Project Path="src/Services/Payment/Payment.Domain/Payment.Domain.csproj" Id="7ac4a7a2-e1bf-4e9c-bb8b-2622bc93047b" />
    <Project Path="src/Services/Payment/Payment.Infrastructure/Payment.Infrastructure.csproj" Id="83d9ac54-6d60-4970-9a13-71bd8825a878" />
  </Folder>
</Solution>
